// !$*UTF8*$!
{
	archiveVersion = 1;
	classes = {
	};
	objectVersion = 46;
	objects = {

/* Begin PBXBuildFile section */
		20CDD4D01BE62B5B0097B43D /* AppDelegate.swift in Sources */ = {isa = PBXBuildFile; fileRef = 20CDD4CF1BE62B5B0097B43D /* AppDelegate.swift */; };
		20CDD4D21BE62B5B0097B43D /* ViewController.swift in Sources */ = {isa = PBXBuildFile; fileRef = 20CDD4D11BE62B5B0097B43D /* ViewController.swift */; };
		20CDD4D51BE62B5B0097B43D /* Main.storyboard in Resources */ = {isa = PBXBuildFile; fileRef = 20CDD4D31BE62B5B0097B43D /* Main.storyboard */; };
		20CDD4D71BE62B5B0097B43D /* Assets.xcassets in Resources */ = {isa = PBXBuildFile; fileRef = 20CDD4D61BE62B5B0097B43D /* Assets.xcassets */; };
		20CDD4DA1BE62B5B0097B43D /* LaunchScreen.storyboard in Resources */ = {isa = PBXBuildFile; fileRef = 20CDD4D81BE62B5B0097B43D /* LaunchScreen.storyboard */; };
		20CDD4E51BE62B5B0097B43D /* ZuberAlertTests.swift in Sources */ = {isa = PBXBuildFile; fileRef = 20CDD4E41BE62B5B0097B43D /* ZuberAlertTests.swift */; };
		20CDD4F01BE62B5B0097B43D /* ZuberAlertUITests.swift in Sources */ = {isa = PBXBuildFile; fileRef = 20CDD4EF1BE62B5B0097B43D /* ZuberAlertUITests.swift */; };
		20CDD4FF1BE62B830097B43D /* ZuberAlert.swift in Sources */ = {isa = PBXBuildFile; fileRef = 20CDD4FE1BE62B830097B43D /* ZuberAlert.swift */; };
/* End PBXBuildFile section */

/* Begin PBXContainerItemProxy section */
		20CDD4E11BE62B5B0097B43D /* PBXContainerItemProxy */ = {
			isa = PBXContainerItemProxy;
			containerPortal = 20CDD4C41BE62B5B0097B43D /* Project object */;
			proxyType = 1;
			remoteGlobalIDString = 20CDD4CB1BE62B5B0097B43D;
			remoteInfo = ZuberAlert;
		};
		20CDD4EC1BE62B5B0097B43D /* PBXContainerItemProxy */ = {
			isa = PBXContainerItemProxy;
			containerPortal = 20CDD4C41BE62B5B0097B43D /* Project object */;
			proxyType = 1;
			remoteGlobalIDString = 20CDD4CB1BE62B5B0097B43D;
			remoteInfo = ZuberAlert;
		};
/* End PBXContainerItemProxy section */

/* Begin PBXFileReference section */
		20CDD4CC1BE62B5B0097B43D /* ZuberAlert.app */ = {isa = PBXFileReference; explicitFileType = wrapper.application; includeInIndex = 0; path = ZuberAlert.app; sourceTree = BUILT_PRODUCTS_DIR; };
		20CDD4CF1BE62B5B0097B43D /* AppDelegate.swift */ = {isa = PBXFileReference; lastKnownFileType = sourcecode.swift; path = AppDelegate.swift; sourceTree = "<group>"; };
		20CDD4D11BE62B5B0097B43D /* ViewController.swift */ = {isa = PBXFileReference; lastKnownFileType = sourcecode.swift; path = ViewController.swift; sourceTree = "<group>"; };
		20CDD4D41BE62B5B0097B43D /* Base */ = {isa = PBXFileReference; lastKnownFileType = file.storyboard; name = Base; path = Base.lproj/Main.storyboard; sourceTree = "<group>"; };
		20CDD4D61BE62B5B0097B43D /* Assets.xcassets */ = {isa = PBXFileReference; lastKnownFileType = folder.assetcatalog; path = Assets.xcassets; sourceTree = "<group>"; };
		20CDD4D91BE62B5B0097B43D /* Base */ = {isa = PBXFileReference; lastKnownFileType = file.storyboard; name = Base; path = Base.lproj/LaunchScreen.storyboard; sourceTree = "<group>"; };
		20CDD4DB1BE62B5B0097B43D /* Info.plist */ = {isa = PBXFileReference; lastKnownFileType = text.plist.xml; path = Info.plist; sourceTree = "<group>"; };
		20CDD4E01BE62B5B0097B43D /* ZuberAlertTests.xctest */ = {isa = PBXFileReference; explicitFileType = wrapper.cfbundle; includeInIndex = 0; path = ZuberAlertTests.xctest; sourceTree = BUILT_PRODUCTS_DIR; };
		20CDD4E41BE62B5B0097B43D /* ZuberAlertTests.swift */ = {isa = PBXFileReference; lastKnownFileType = sourcecode.swift; path = ZuberAlertTests.swift; sourceTree = "<group>"; };
		20CDD4E61BE62B5B0097B43D /* Info.plist */ = {isa = PBXFileReference; lastKnownFileType = text.plist.xml; path = Info.plist; sourceTree = "<group>"; };
		20CDD4EB1BE62B5B0097B43D /* ZuberAlertUITests.xctest */ = {isa = PBXFileReference; explicitFileType = wrapper.cfbundle; includeInIndex = 0; path = ZuberAlertUITests.xctest; sourceTree = BUILT_PRODUCTS_DIR; };
		20CDD4EF1BE62B5B0097B43D /* ZuberAlertUITests.swift */ = {isa = PBXFileReference; lastKnownFileType = sourcecode.swift; path = ZuberAlertUITests.swift; sourceTree = "<group>"; };
		20CDD4F11BE62B5B0097B43D /* Info.plist */ = {isa = PBXFileReference; lastKnownFileType = text.plist.xml; path = Info.plist; sourceTree = "<group>"; };
		20CDD4FE1BE62B830097B43D /* ZuberAlert.swift */ = {isa = PBXFileReference; fileEncoding = 4; lastKnownFileType = sourcecode.swift; path = ZuberAlert.swift; sourceTree = "<group>"; };
/* End PBXFileReference section */

/* Begin PBXFrameworksBuildPhase section */
		20CDD4C91BE62B5B0097B43D /* Frameworks */ = {
			isa = PBXFrameworksBuildPhase;
			buildActionMask = 2147483647;
			files = (
			);
			runOnlyForDeploymentPostprocessing = 0;
		};
		20CDD4DD1BE62B5B0097B43D /* Frameworks */ = {
			isa = PBXFrameworksBuildPhase;
			buildActionMask = 2147483647;
			files = (
			);
			runOnlyForDeploymentPostprocessing = 0;
		};
		20CDD4E81BE62B5B0097B43D /* Frameworks */ = {
			isa = PBXFrameworksBuildPhase;
			buildActionMask = 2147483647;
			files = (
			);
			runOnlyForDeploymentPostprocessing = 0;
		};
/* End PBXFrameworksBuildPhase section */

/* Begin PBXGroup section */
		20CDD4C31BE62B5B0097B43D = {
			isa = PBXGroup;
			children = (
				20CDD4CE1BE62B5B0097B43D /* ZuberAlert */,
				20CDD4E31BE62B5B0097B43D /* ZuberAlertTests */,
				20CDD4EE1BE62B5B0097B43D /* ZuberAlertUITests */,
				20CDD4CD1BE62B5B0097B43D /* Products */,
			);
			sourceTree = "<group>";
		};
		20CDD4CD1BE62B5B0097B43D /* Products */ = {
			isa = PBXGroup;
			children = (
				20CDD4CC1BE62B5B0097B43D /* ZuberAlert.app */,
				20CDD4E01BE62B5B0097B43D /* ZuberAlertTests.xctest */,
				20CDD4EB1BE62B5B0097B43D /* ZuberAlertUITests.xctest */,
			);
			name = Products;
			sourceTree = "<group>";
		};
		20CDD4CE1BE62B5B0097B43D /* ZuberAlert */ = {
			isa = PBXGroup;
			children = (
				20CDD4FD1BE62B6A0097B43D /* ZuberAlert */,
				20CDD4CF1BE62B5B0097B43D /* AppDelegate.swift */,
				20CDD4D11BE62B5B0097B43D /* ViewController.swift */,
				20CDD4D31BE62B5B0097B43D /* Main.storyboard */,
				20CDD4D61BE62B5B0097B43D /* Assets.xcassets */,
				20CDD4D81BE62B5B0097B43D /* LaunchScreen.storyboard */,
				20CDD4DB1BE62B5B0097B43D /* Info.plist */,
			);
			path = ZuberAlert;
			sourceTree = "<group>";
		};
		20CDD4E31BE62B5B0097B43D /* ZuberAlertTests */ = {
			isa = PBXGroup;
			children = (
				20CDD4E41BE62B5B0097B43D /* ZuberAlertTests.swift */,
				20CDD4E61BE62B5B0097B43D /* Info.plist */,
			);
			path = ZuberAlertTests;
			sourceTree = "<group>";
		};
		20CDD4EE1BE62B5B0097B43D /* ZuberAlertUITests */ = {
			isa = PBXGroup;
			children = (
				20CDD4EF1BE62B5B0097B43D /* ZuberAlertUITests.swift */,
				20CDD4F11BE62B5B0097B43D /* Info.plist */,
			);
			path = ZuberAlertUITests;
			sourceTree = "<group>";
		};
		20CDD4FD1BE62B6A0097B43D /* ZuberAlert */ = {
			isa = PBXGroup;
			children = (
				20CDD4FE1BE62B830097B43D /* ZuberAlert.swift */,
			);
			name = ZuberAlert;
			sourceTree = "<group>";
		};
/* End PBXGroup section */

/* Begin PBXNativeTarget section */
		20CDD4CB1BE62B5B0097B43D /* ZuberAlert */ = {
			isa = PBXNativeTarget;
			buildConfigurationList = 20CDD4F41BE62B5B0097B43D /* Build configuration list for PBXNativeTarget "ZuberAlert" */;
			buildPhases = (
				20CDD4C81BE62B5B0097B43D /* Sources */,
				20CDD4C91BE62B5B0097B43D /* Frameworks */,
				20CDD4CA1BE62B5B0097B43D /* Resources */,
			);
			buildRules = (
			);
			dependencies = (
			);
			name = ZuberAlert;
			productName = ZuberAlert;
			productReference = 20CDD4CC1BE62B5B0097B43D /* ZuberAlert.app */;
			productType = "com.apple.product-type.application";
		};
		20CDD4DF1BE62B5B0097B43D /* ZuberAlertTests */ = {
			isa = PBXNativeTarget;
			buildConfigurationList = 20CDD4F71BE62B5B0097B43D /* Build configuration list for PBXNativeTarget "ZuberAlertTests" */;
			buildPhases = (
				20CDD4DC1BE62B5B0097B43D /* Sources */,
				20CDD4DD1BE62B5B0097B43D /* Frameworks */,
				20CDD4DE1BE62B5B0097B43D /* Resources */,
			);
			buildRules = (
			);
			dependencies = (
				20CDD4E21BE62B5B0097B43D /* PBXTargetDependency */,
			);
			name = ZuberAlertTests;
			productName = ZuberAlertTests;
			productReference = 20CDD4E01BE62B5B0097B43D /* ZuberAlertTests.xctest */;
			productType = "com.apple.product-type.bundle.unit-test";
		};
		20CDD4EA1BE62B5B0097B43D /* ZuberAlertUITests */ = {
			isa = PBXNativeTarget;
			buildConfigurationList = 20CDD4FA1BE62B5B0097B43D /* Build configuration list for PBXNativeTarget "ZuberAlertUITests" */;
			buildPhases = (
				20CDD4E71BE62B5B0097B43D /* Sources */,
				20CDD4E81BE62B5B0097B43D /* Frameworks */,
				20CDD4E91BE62B5B0097B43D /* Resources */,
			);
			buildRules = (
			);
			dependencies = (
				20CDD4ED1BE62B5B0097B43D /* PBXTargetDependency */,
			);
			name = ZuberAlertUITests;
			productName = ZuberAlertUITests;
			productReference = 20CDD4EB1BE62B5B0097B43D /* ZuberAlertUITests.xctest */;
			productType = "com.apple.product-type.bundle.ui-testing";
		};
/* End PBXNativeTarget section */

/* Begin PBXProject section */
		20CDD4C41BE62B5B0097B43D /* Project object */ = {
			isa = PBXProject;
			attributes = {
				LastSwiftUpdateCheck = 0710;
				LastUpgradeCheck = 0710;
				ORGANIZATIONNAME = duzhe;
				TargetAttributes = {
					20CDD4CB1BE62B5B0097B43D = {
						CreatedOnToolsVersion = 7.1;
					};
					20CDD4DF1BE62B5B0097B43D = {
						CreatedOnToolsVersion = 7.1;
						TestTargetID = 20CDD4CB1BE62B5B0097B43D;
					};
					20CDD4EA1BE62B5B0097B43D = {
						CreatedOnToolsVersion = 7.1;
						TestTargetID = 20CDD4CB1BE62B5B0097B43D;
					};
				};
			};
			buildConfigurationList = 20CDD4C71BE62B5B0097B43D /* Build configuration list for PBXProject "ZuberAlert" */;
			compatibilityVersion = "Xcode 3.2";
			developmentRegion = English;
			hasScannedForEncodings = 0;
			knownRegions = (
				en,
				Base,
			);
			mainGroup = 20CDD4C31BE62B5B0097B43D;
			productRefGroup = 20CDD4CD1BE62B5B0097B43D /* Products */;
			projectDirPath = "";
			projectRoot = "";
			targets = (
				20CDD4CB1BE62B5B0097B43D /* ZuberAlert */,
				20CDD4DF1BE62B5B0097B43D /* ZuberAlertTests */,
				20CDD4EA1BE62B5B0097B43D /* ZuberAlertUITests */,
			);
		};
/* End PBXProject section */

/* Begin PBXResourcesBuildPhase section */
		20CDD4CA1BE62B5B0097B43D /* Resources */ = {
			isa = PBXResourcesBuildPhase;
			buildActionMask = 2147483647;
			files = (
				20CDD4DA1BE62B5B0097B43D /* LaunchScreen.storyboard in Resources */,
				20CDD4D71BE62B5B0097B43D /* Assets.xcassets in Resources */,
				20CDD4D51BE62B5B0097B43D /* Main.storyboard in Resources */,
			);
			runOnlyForDeploymentPostprocessing = 0;
		};
		20CDD4DE1BE62B5B0097B43D /* Resources */ = {
			isa = PBXResourcesBuildPhase;
			buildActionMask = 2147483647;
			files = (
			);
			runOnlyForDeploymentPostprocessing = 0;
		};
		20CDD4E91BE62B5B0097B43D /* Resources */ = {
			isa = PBXResourcesBuildPhase;
			buildActionMask = 2147483647;
			files = (
			);
			runOnlyForDeploymentPostprocessing = 0;
		};
/* End PBXResourcesBuildPhase section */

/* Begin PBXSourcesBuildPhase section */
		20CDD4C81BE62B5B0097B43D /* Sources */ = {
			isa = PBXSourcesBuildPhase;
			buildActionMask = 2147483647;
			files = (
				20CDD4FF1BE62B830097B43D /* ZuberAlert.swift in Sources */,
				20CDD4D21BE62B5B0097B43D /* ViewController.swift in Sources */,
				20CDD4D01BE62B5B0097B43D /* AppDelegate.swift in Sources */,
			);
			runOnlyForDeploymentPostprocessing = 0;
		};
		20CDD4DC1BE62B5B0097B43D /* Sources */ = {
			isa = PBXSourcesBuildPhase;
			buildActionMask = 2147483647;
			files = (
				20CDD4E51BE62B5B0097B43D /* ZuberAlertTests.swift in Sources */,
			);
			runOnlyForDeploymentPostprocessing = 0;
		};
		20CDD4E71BE62B5B0097B43D /* Sources */ = {
			isa = PBXSourcesBuildPhase;
			buildActionMask = 2147483647;
			files = (
				20CDD4F01BE62B5B0097B43D /* ZuberAlertUITests.swift in Sources */,
			);
			runOnlyForDeploymentPostprocessing = 0;
		};
/* End PBXSourcesBuildPhase section */

/* Begin PBXTargetDependency section */
		20CDD4E21BE62B5B0097B43D /* PBXTargetDependency */ = {
			isa = PBXTargetDependency;
			target = 20CDD4CB1BE62B5B0097B43D /* ZuberAlert */;
			targetProxy = 20CDD4E11BE62B5B0097B43D /* PBXContainerItemProxy */;
		};
		20CDD4ED1BE62B5B0097B43D /* PBXTargetDependency */ = {
			isa = PBXTargetDependency;
			target = 20CDD4CB1BE62B5B0097B43D /* ZuberAlert */;
			targetProxy = 20CDD4EC1BE62B5B0097B43D /* PBXContainerItemProxy */;
		};
/* End PBXTargetDependency section */

/* Begin PBXVariantGroup section */
		20CDD4D31BE62B5B0097B43D /* Main.storyboard */ = {
			isa = PBXVariantGroup;
			children = (
				20CDD4D41BE62B5B0097B43D /* Base */,
			);
			name = Main.storyboard;
			sourceTree = "<group>";
		};
		20CDD4D81BE62B5B0097B43D /* LaunchScreen.storyboard */ = {
			isa = PBXVariantGroup;
			children = (
				20CDD4D91BE62B5B0097B43D /* Base */,
			);
			name = LaunchScreen.storyboard;
			sourceTree = "<group>";
		};
/* End PBXVariantGroup section */

/* Begin XCBuildConfiguration section */
		20CDD4F21BE62B5B0097B43D /* Debug */ = {
			isa = XCBuildConfiguration;
			buildSettings = {
				ALWAYS_SEARCH_USER_PATHS = NO;
				CLANG_CXX_LANGUAGE_STANDARD = "gnu++0x";
				CLANG_CXX_LIBRARY = "libc++";
				CLANG_ENABLE_MODULES = YES;
				CLANG_ENABLE_OBJC_ARC = YES;
				CLANG_WARN_BOOL_CONVERSION = YES;
				CLANG_WARN_CONSTANT_CONVERSION = YES;
				CLANG_WARN_DIRECT_OBJC_ISA_USAGE = YES_ERROR;
				CLANG_WARN_EMPTY_BODY = YES;
				CLANG_WARN_ENUM_CONVERSION = YES;
				CLANG_WARN_INT_CONVERSION = YES;
				CLANG_WARN_OBJC_ROOT_CLASS = YES_ERROR;
				CLANG_WARN_UNREACHABLE_CODE = YES;
				CLANG_WARN__DUPLICATE_METHOD_MATCH = YES;
				"CODE_SIGN_IDENTITY[sdk=iphoneos*]" = "iPhone Developer";
				COPY_PHASE_STRIP = NO;
				DEBUG_INFORMATION_FORMAT = dwarf;
				ENABLE_STRICT_OBJC_MSGSEND = YES;
				ENABLE_TESTABILITY = YES;
				GCC_C_LANGUAGE_STANDARD = gnu99;
				GCC_DYNAMIC_NO_PIC = NO;
				GCC_NO_COMMON_BLOCKS = YES;
				GCC_OPTIMIZATION_LEVEL = 0;
				GCC_PREPROCESSOR_DEFINITIONS = (
					"DEBUG=1",
					"$(inherited)",
				);
				GCC_WARN_64_TO_32_BIT_CONVERSION = YES;
				GCC_WARN_ABOUT_RETURN_TYPE = YES_ERROR;
				GCC_WARN_UNDECLARED_SELECTOR = YES;
				GCC_WARN_UNINITIALIZED_AUTOS = YES_AGGRESSIVE;
				GCC_WARN_UNUSED_FUNCTION = YES;
				GCC_WARN_UNUSED_VARIABLE = YES;
				IPHONEOS_DEPLOYMENT_TARGET = 9.1;
				MTL_ENABLE_DEBUG_INFO = YES;
				ONLY_ACTIVE_ARCH = YES;
				SDKROOT = iphoneos;
				SWIFT_OPTIMIZATION_LEVEL = "-Onone";
				TARGETED_DEVICE_FAMILY = "1,2";
			};
			name = Debug;
		};
		20CDD4F31BE62B5B0097B43D /* Release */ = {
			isa = XCBuildConfiguration;
			buildSettings = {
				ALWAYS_SEARCH_USER_PATHS = NO;
				CLANG_CXX_LANGUAGE_STANDARD = "gnu++0x";
				CLANG_CXX_LIBRARY = "libc++";
				CLANG_ENABLE_MODULES = YES;
				CLANG_ENABLE_OBJC_ARC = YES;
				CLANG_WARN_BOOL_CONVERSION = YES;
				CLANG_WARN_CONSTANT_CONVERSION = YES;
				CLANG_WARN_DIRECT_OBJC_ISA_USAGE = YES_ERROR;
				CLANG_WARN_EMPTY_BODY = YES;
				CLANG_WARN_ENUM_CONVERSION = YES;
				CLANG_WARN_INT_CONVERSION = YES;
				CLANG_WARN_OBJC_ROOT_CLASS = YES_ERROR;
				CLANG_WARN_UNREACHABLE_CODE = YES;
				CLANG_WARN__DUPLICATE_METHOD_MATCH = YES;
				"CODE_SIGN_IDENTITY[sdk=iphoneos*]" = "iPhone Developer";
				COPY_PHASE_STRIP = NO;
				DEBUG_INFORMATION_FORMAT = "dwarf-with-dsym";
				ENABLE_NS_ASSERTIONS = NO;
				ENABLE_STRICT_OBJC_MSGSEND = YES;
				GCC_C_LANGUAGE_STANDARD = gnu99;
				GCC_NO_COMMON_BLOCKS = YES;
				GCC_WARN_64_TO_32_BIT_CONVERSION = YES;
				GCC_WARN_ABOUT_RETURN_TYPE = YES_ERROR;
				GCC_WARN_UNDECLARED_SELECTOR = YES;
				GCC_WARN_UNINITIALIZED_AUTOS = YES_AGGRESSIVE;
				GCC_WARN_UNUSED_FUNCTION = YES;
				GCC_WARN_UNUSED_VARIABLE = YES;
				IPHONEOS_DEPLOYMENT_TARGET = 9.1;
				MTL_ENABLE_DEBUG_INFO = NO;
				SDKROOT = iphoneos;
				TARGETED_DEVICE_FAMILY = "1,2";
				VALIDATE_PRODUCT = YES;
			};
			name = Release;
		};
		20CDD4F51BE62B5B0097B43D /* Debug */ = {
			isa = XCBuildConfiguration;
			buildSettings = {
				ASSETCATALOG_COMPILER_APPICON_NAME = AppIcon;
				INFOPLIST_FILE = ZuberAlert/Info.plist;
				LD_RUNPATH_SEARCH_PATHS = "$(inherited) @executable_path/Frameworks";
				PRODUCT_BUNDLE_IDENTIFIER = im.zuber.app.ZuberAlert;
				PRODUCT_NAME = "$(TARGET_NAME)";
			};
			name = Debug;
		};
		20CDD4F61BE62B5B0097B43D /* Release */ = {
			isa = XCBuildConfiguration;
			buildSettings = {
				ASSETCATALOG_COMPILER_APPICON_NAME = AppIcon;
				INFOPLIST_FILE = ZuberAlert/Info.plist;
				LD_RUNPATH_SEARCH_PATHS = "$(inherited) @executable_path/Frameworks";
				PRODUCT_BUNDLE_IDENTIFIER = im.zuber.app.ZuberAlert;
				PRODUCT_NAME = "$(TARGET_NAME)";
			};
			name = Release;
		};
		20CDD4F81BE62B5B0097B43D /* Debug */ = {
			isa = XCBuildConfiguration;
			buildSettings = {
				BUNDLE_LOADER = "$(TEST_HOST)";
				INFOPLIST_FILE = ZuberAlertTests/Info.plist;
				LD_RUNPATH_SEARCH_PATHS = "$(inherited) @executable_path/Frameworks @loader_path/Frameworks";
				PRODUCT_BUNDLE_IDENTIFIER = im.zuber.app.ZuberAlertTests;
				PRODUCT_NAME = "$(TARGET_NAME)";
				TEST_HOST = "$(BUILT_PRODUCTS_DIR)/ZuberAlert.app/ZuberAlert";
			};
			name = Debug;
		};
		20CDD4F91BE62B5B0097B43D /* Release */ = {
			isa = XCBuildConfiguration;
			buildSettings = {
				BUNDLE_LOADER = "$(TEST_HOST)";
				INFOPLIST_FILE = ZuberAlertTests/Info.plist;
				LD_RUNPATH_SEARCH_PATHS = "$(inherited) @executable_path/Frameworks @loader_path/Frameworks";
				PRODUCT_BUNDLE_IDENTIFIER = im.zuber.app.ZuberAlertTests;
				PRODUCT_NAME = "$(TARGET_NAME)";
				TEST_HOST = "$(BUILT_PRODUCTS_DIR)/ZuberAlert.app/ZuberAlert";
			};
			name = Release;
		};
		20CDD4FB1BE62B5B0097B43D /* Debug */ = {
			isa = XCBuildConfiguration;
			buildSettings = {
				INFOPLIST_FILE = ZuberAlertUITests/Info.plist;
				LD_RUNPATH_SEARCH_PATHS = "$(inherited) @executable_path/Frameworks @loader_path/Frameworks";
				PRODUCT_BUNDLE_IDENTIFIER = im.zuber.app.ZuberAlertUITests;
				PRODUCT_NAME = "$(TARGET_NAME)";
				TEST_TARGET_NAME = ZuberAlert;
				USES_XCTRUNNER = YES;
			};
			name = Debug;
		};
		20CDD4FC1BE62B5B0097B43D /* Release */ = {
			isa = XCBuildConfiguration;
			buildSettings = {
				INFOPLIST_FILE = ZuberAlertUITests/Info.plist;
				LD_RUNPATH_SEARCH_PATHS = "$(inherited) @executable_path/Frameworks @loader_path/Frameworks";
				PRODUCT_BUNDLE_IDENTIFIER = im.zuber.app.ZuberAlertUITests;
				PRODUCT_NAME = "$(TARGET_NAME)";
				TEST_TARGET_NAME = ZuberAlert;
				USES_XCTRUNNER = YES;
			};
			name = Release;
		};
/* End XCBuildConfiguration section */

/* Begin XCConfigurationList section */
		20CDD4C71BE62B5B0097B43D /* Build configuration list for PBXProject "ZuberAlert" */ = {
			isa = XCConfigurationList;
			buildConfigurations = (
				20CDD4F21BE62B5B0097B43D /* Debug */,
				20CDD4F31BE62B5B0097B43D /* Release */,
			);
			defaultConfigurationIsVisible = 0;
			defaultConfigurationName = Release;
		};
		20CDD4F41BE62B5B0097B43D /* Build configuration list for PBXNativeTarget "ZuberAlert" */ = {
			isa = XCConfigurationList;
			buildConfigurations = (
				20CDD4F51BE62B5B0097B43D /* Debug */,
				20CDD4F61BE62B5B0097B43D /* Release */,
			);
			defaultConfigurationIsVisible = 0;
		};
		20CDD4F71BE62B5B0097B43D /* Build configuration list for PBXNativeTarget "ZuberAlertTests" */ = {
			isa = XCConfigurationList;
			buildConfigurations = (
				20CDD4F81BE62B5B0097B43D /* Debug */,
				20CDD4F91BE62B5B0097B43D /* Release */,
			);
			defaultConfigurationIsVisible = 0;
		};
		20CDD4FA1BE62B5B0097B43D /* Build configuration list for PBXNativeTarget "ZuberAlertUITests" */ = {
			isa = XCConfigurationList;
			buildConfigurations = (
				20CDD4FB1BE62B5B0097B43D /* Debug */,
				20CDD4FC1BE62B5B0097B43D /* Release */,
			);
			defaultConfigurationIsVisible = 0;
		};
/* End XCConfigurationList section */
	};
	rootObject = 20CDD4C41BE62B5B0097B43D /* Project object */;
}
